
Microsoft Visual Studio Solution File, Format Version 12.00
# Visual Studio Version 17
VisualStudioVersion = 17.9.34701.34
MinimumVisualStudioVersion = 10.0.40219.1
Project("{FAE04EC0-301F-11D3-BF4B-00C04F79EFBC}") = "Medion", "Medion\Medion.csproj", "{4C4B4AC0-F309-4CF4-B951-91F7C3DAE448}"
EndProject
Global
	GlobalSection(SolutionConfigurationPlatforms) = preSolution
		Debug|Any CPU = Debug|Any CPU
		Release|Any CPU = Release|Any CPU
	EndGlobalSection
	GlobalSection(ProjectConfigurationPlatforms) = postSolution
		{4C4B4AC0-F309-4CF4-B951-91F7C3DAE448}.Debug|Any CPU.ActiveCfg = Debug|Any CPU
		{4C4B4AC0-F309-4CF4-B951-91F7C3DAE448}.Debug|Any CPU.Build.0 = Debug|Any CPU
		{4C4B4AC0-F309-4CF4-B951-91F7C3DAE448}.Release|Any CPU.ActiveCfg = Release|Any CPU
		{4C4B4AC0-F309-4CF4-B951-91F7C3DAE448}.Release|Any CPU.Build.0 = Release|Any CPU
	EndGlobalSection
	GlobalSection(SolutionProperties) = preSolution
		HideSolutionNode = FALSE
	EndGlobalSection
	GlobalSection(ExtensibilityGlobals) = postSolution
		SolutionGuid = {88DF63C6-52A9-4345-BE6A-63EBE1251128}
	EndGlobalSection
EndGlobal
